
Microsoft Visual Studio Solution File, Format Version 12.00
# Visual Studio Version 16
VisualStudioVersion = 16.0.29911.84
MinimumVisualStudioVersion = 10.0.40219.1
Project("{FAE04EC0-301F-11D3-BF4B-00C04F79EFBC}") = "eTutoring", "eTutoring\eTutoring.csproj", "{95256223-498E-4200-88F8-6C7EFAC8B4D9}"
EndProject
Project("{FAE04EC0-301F-11D3-BF4B-00C04F79EFBC}") = "eTutoring.Tests", "eTutoring.Tests\eTutoring.Tests.csproj", "{FB7F91C6-562F-42DB-8FAB-E85AB68C4CF1}"
EndProject
Global
	GlobalSection(SolutionConfigurationPlatforms) = preSolution
		Debug|Any CPU = Debug|Any CPU
		Release|Any CPU = Release|Any CPU
	EndGlobalSection
	GlobalSection(ProjectConfigurationPlatforms) = postSolution
		{95256223-498E-4200-88F8-6C7EFAC8B4D9}.Debug|Any CPU.ActiveCfg = Debug|Any CPU
		{95256223-498E-4200-88F8-6C7EFAC8B4D9}.Debug|Any CPU.Build.0 = Debug|Any CPU
		{95256223-498E-4200-88F8-6C7EFAC8B4D9}.Release|Any CPU.ActiveCfg = Release|Any CPU
		{95256223-498E-4200-88F8-6C7EFAC8B4D9}.Release|Any CPU.Build.0 = Release|Any CPU
		{FB7F91C6-562F-42DB-8FAB-E85AB68C4CF1}.Debug|Any CPU.ActiveCfg = Debug|Any CPU
		{FB7F91C6-562F-42DB-8FAB-E85AB68C4CF1}.Debug|Any CPU.Build.0 = Debug|Any CPU
		{FB7F91C6-562F-42DB-8FAB-E85AB68C4CF1}.Release|Any CPU.ActiveCfg = Release|Any CPU
		{FB7F91C6-562F-42DB-8FAB-E85AB68C4CF1}.Release|Any CPU.Build.0 = Release|Any CPU
	EndGlobalSection
	GlobalSection(SolutionProperties) = preSolution
		HideSolutionNode = FALSE
	EndGlobalSection
	GlobalSection(ExtensibilityGlobals) = postSolution
		SolutionGuid = {25DE54E9-EBA7-400D-ABA6-C180156260CB}
	EndGlobalSection
EndGlobal
